// !$*UTF8*$!
{
	archiveVersion = 1;
	classes = {
	};
	objectVersion = 46;
	objects = {

/* Begin PBXBuildFile section */
		EAE956A619C346DB000B3681 /* main.m in Sources */ = {isa = PBXBuildFile; fileRef = EAE956A519C346DB000B3681 /* main.m */; };
		EAE956A919C346DB000B3681 /* AppDelegate.m in Sources */ = {isa = PBXBuildFile; fileRef = EAE956A819C346DB000B3681 /* AppDelegate.m */; };
		EAE956AC19C346DB000B3681 /* n_i_sock.xcdatamodeld in Sources */ = {isa = PBXBuildFile; fileRef = EAE956AA19C346DB000B3681 /* n_i_sock.xcdatamodeld */; };
		EAE956AF19C346DB000B3681 /* ViewController.m in Sources */ = {isa = PBXBuildFile; fileRef = EAE956AE19C346DB000B3681 /* ViewController.m */; };
		EAE956B219C346DB000B3681 /* Main.storyboard in Resources */ = {isa = PBXBuildFile; fileRef = EAE956B019C346DB000B3681 /* Main.storyboard */; };
		EAE956B419C346DB000B3681 /* Images.xcassets in Resources */ = {isa = PBXBuildFile; fileRef = EAE956B319C346DB000B3681 /* Images.xcassets */; };
		EAE956C019C346DB000B3681 /* n_i_sockTests.m in Sources */ = {isa = PBXBuildFile; fileRef = EAE956BF19C346DB000B3681 /* n_i_sockTests.m */; };
		EAE956CA19C34777000B3681 /* MapKit.framework in Frameworks */ = {isa = PBXBuildFile; fileRef = EAE956C919C34777000B3681 /* MapKit.framework */; };
/* End PBXBuildFile section */

/* Begin PBXContainerItemProxy section */
		EAE956BA19C346DB000B3681 /* PBXContainerItemProxy */ = {
			isa = PBXContainerItemProxy;
			containerPortal = EAE9569819C346DB000B3681 /* Project object */;
			proxyType = 1;
			remoteGlobalIDString = EAE9569F19C346DB000B3681;
			remoteInfo = "n-i-sock";
		};
/* End PBXContainerItemProxy section */

/* Begin PBXFileReference section */
		EAE956A019C346DB000B3681 /* n-i-sock.app */ = {isa = PBXFileReference; explicitFileType = wrapper.application; includeInIndex = 0; path = "n-i-sock.app"; sourceTree = BUILT_PRODUCTS_DIR; };
		EAE956A419C346DB000B3681 /* Info.plist */ = {isa = PBXFileReference; lastKnownFileType = text.plist.xml; path = Info.plist; sourceTree = "<group>"; };
		EAE956A519C346DB000B3681 /* main.m */ = {isa = PBXFileReference; lastKnownFileType = sourcecode.c.objc; path = main.m; sourceTree = "<group>"; };
		EAE956A719C346DB000B3681 /* AppDelegate.h */ = {isa = PBXFileReference; lastKnownFileType = sourcecode.c.h; path = AppDelegate.h; sourceTree = "<group>"; };
		EAE956A819C346DB000B3681 /* AppDelegate.m */ = {isa = PBXFileReference; lastKnownFileType = sourcecode.c.objc; path = AppDelegate.m; sourceTree = "<group>"; };
		EAE956AB19C346DB000B3681 /* n_i_sock.xcdatamodel */ = {isa = PBXFileReference; lastKnownFileType = wrapper.xcdatamodel; path = n_i_sock.xcdatamodel; sourceTree = "<group>"; };
		EAE956AD19C346DB000B3681 /* ViewController.h */ = {isa = PBXFileReference; lastKnownFileType = sourcecode.c.h; path = ViewController.h; sourceTree = "<group>"; };
		EAE956AE19C346DB000B3681 /* ViewController.m */ = {isa = PBXFileReference; lastKnownFileType = sourcecode.c.objc; path = ViewController.m; sourceTree = "<group>"; };
		EAE956B119C346DB000B3681 /* Base */ = {isa = PBXFileReference; lastKnownFileType = file.storyboard; name = Base; path = Base.lproj/Main.storyboard; sourceTree = "<group>"; };
		EAE956B319C346DB000B3681 /* Images.xcassets */ = {isa = PBXFileReference; lastKnownFileType = folder.assetcatalog; path = Images.xcassets; sourceTree = "<group>"; };
		EAE956B919C346DB000B3681 /* n-i-sockTests.xctest */ = {isa = PBXFileReference; explicitFileType = wrapper.cfbundle; includeInIndex = 0; path = "n-i-sockTests.xctest"; sourceTree = BUILT_PRODUCTS_DIR; };
		EAE956BE19C346DB000B3681 /* Info.plist */ = {isa = PBXFileReference; lastKnownFileType = text.plist.xml; path = Info.plist; sourceTree = "<group>"; };
		EAE956BF19C346DB000B3681 /* n_i_sockTests.m */ = {isa = PBXFileReference; lastKnownFileType = sourcecode.c.objc; path = n_i_sockTests.m; sourceTree = "<group>"; };
		EAE956C919C34777000B3681 /* MapKit.framework */ = {isa = PBXFileReference; lastKnownFileType = wrapper.framework; name = MapKit.framework; path = System/Library/Frameworks/MapKit.framework; sourceTree = SDKROOT; };
/* End PBXFileReference section */

/* Begin PBXFrameworksBuildPhase section */
		EAE9569D19C346DB000B3681 /* Frameworks */ = {
			isa = PBXFrameworksBuildPhase;
			buildActionMask = 2147483647;
			files = (
				EAE956CA19C34777000B3681 /* MapKit.framework in Frameworks */,
			);
			runOnlyForDeploymentPostprocessing = 0;
		};
		EAE956B619C346DB000B3681 /* Frameworks */ = {
			isa = PBXFrameworksBuildPhase;
			buildActionMask = 2147483647;
			files = (
			);
			runOnlyForDeploymentPostprocessing = 0;
		};
/* End PBXFrameworksBuildPhase section */

/* Begin PBXGroup section */
		EAE9569719C346DB000B3681 = {
			isa = PBXGroup;
			children = (
				EAE956C919C34777000B3681 /* MapKit.framework */,
				EAE956A219C346DB000B3681 /* n-i-sock */,
				EAE956BC19C346DB000B3681 /* n-i-sockTests */,
				EAE956A119C346DB000B3681 /* Products */,
			);
			sourceTree = "<group>";
		};
		EAE956A119C346DB000B3681 /* Products */ = {
			isa = PBXGroup;
			children = (
				EAE956A019C346DB000B3681 /* n-i-sock.app */,
				EAE956B919C346DB000B3681 /* n-i-sockTests.xctest */,
			);
			name = Products;
			sourceTree = "<group>";
		};
		EAE956A219C346DB000B3681 /* n-i-sock */ = {
			isa = PBXGroup;
			children = (
				EAE956A719C346DB000B3681 /* AppDelegate.h */,
				EAE956A819C346DB000B3681 /* AppDelegate.m */,
				EAE956AD19C346DB000B3681 /* ViewController.h */,
				EAE956AE19C346DB000B3681 /* ViewController.m */,
				EAE956B019C346DB000B3681 /* Main.storyboard */,
				EAE956B319C346DB000B3681 /* Images.xcassets */,
				EAE956AA19C346DB000B3681 /* n_i_sock.xcdatamodeld */,
				EAE956A319C346DB000B3681 /* Supporting Files */,
			);
			path = "n-i-sock";
			sourceTree = "<group>";
		};
		EAE956A319C346DB000B3681 /* Supporting Files */ = {
			isa = PBXGroup;
			children = (
				EAE956A419C346DB000B3681 /* Info.plist */,
				EAE956A519C346DB000B3681 /* main.m */,
			);
			name = "Supporting Files";
			sourceTree = "<group>";
		};
		EAE956BC19C346DB000B3681 /* n-i-sockTests */ = {
			isa = PBXGroup;
			children = (
				EAE956BF19C346DB000B3681 /* n_i_sockTests.m */,
				EAE956BD19C346DB000B3681 /* Supporting Files */,
			);
			path = "n-i-sockTests";
			sourceTree = "<group>";
		};
		EAE956BD19C346DB000B3681 /* Supporting Files */ = {
			isa = PBXGroup;
			children = (
				EAE956BE19C346DB000B3681 /* Info.plist */,
			);
			name = "Supporting Files";
			sourceTree = "<group>";
		};
/* End PBXGroup section */

/* Begin PBXNativeTarget section */
		EAE9569F19C346DB000B3681 /* n-i-sock */ = {
			isa = PBXNativeTarget;
			buildConfigurationList = EAE956C319C346DB000B3681 /* Build configuration list for PBXNativeTarget "n-i-sock" */;
			buildPhases = (
				EAE9569C19C346DB000B3681 /* Sources */,
				EAE9569D19C346DB000B3681 /* Frameworks */,
				EAE9569E19C346DB000B3681 /* Resources */,
			);
			buildRules = (
			);
			dependencies = (
			);
			name = "n-i-sock";
			productName = "n-i-sock";
			productReference = EAE956A019C346DB000B3681 /* n-i-sock.app */;
			productType = "com.apple.product-type.application";
		};
		EAE956B819C346DB000B3681 /* n-i-sockTests */ = {
			isa = PBXNativeTarget;
			buildConfigurationList = EAE956C619C346DB000B3681 /* Build configuration list for PBXNativeTarget "n-i-sockTests" */;
			buildPhases = (
				EAE956B519C346DB000B3681 /* Sources */,
				EAE956B619C346DB000B3681 /* Frameworks */,
				EAE956B719C346DB000B3681 /* Resources */,
			);
			buildRules = (
			);
			dependencies = (
				EAE956BB19C346DB000B3681 /* PBXTargetDependency */,
			);
			name = "n-i-sockTests";
			productName = "n-i-sockTests";
			productReference = EAE956B919C346DB000B3681 /* n-i-sockTests.xctest */;
			productType = "com.apple.product-type.bundle.unit-test";
		};
/* End PBXNativeTarget section */

/* Begin PBXProject section */
		EAE9569819C346DB000B3681 /* Project object */ = {
			isa = PBXProject;
			attributes = {
				LastUpgradeCheck = 0600;
				ORGANIZATIONNAME = "Kwan Castle";
				TargetAttributes = {
					EAE9569F19C346DB000B3681 = {
						CreatedOnToolsVersion = 6.0;
						SystemCapabilities = {
							com.apple.Maps.iOS = {
								enabled = 1;
							};
						};
					};
					EAE956B819C346DB000B3681 = {
						CreatedOnToolsVersion = 6.0;
						TestTargetID = EAE9569F19C346DB000B3681;
					};
				};
			};
			buildConfigurationList = EAE9569B19C346DB000B3681 /* Build configuration list for PBXProject "n-i-sock" */;
			compatibilityVersion = "Xcode 3.2";
			developmentRegion = English;
			hasScannedForEncodings = 0;
			knownRegions = (
				en,
				Base,
			);
			mainGroup = EAE9569719C346DB000B3681;
			productRefGroup = EAE956A119C346DB000B3681 /* Products */;
			projectDirPath = "";
			projectRoot = "";
			targets = (
				EAE9569F19C346DB000B3681 /* n-i-sock */,
				EAE956B819C346DB000B3681 /* n-i-sockTests */,
			);
		};
/* End PBXProject section */

/* Begin PBXResourcesBuildPhase section */
		EAE9569E19C346DB000B3681 /* Resources */ = {
			isa = PBXResourcesBuildPhase;
			buildActionMask = 2147483647;
			files = (
				EAE956B219C346DB000B3681 /* Main.storyboard in Resources */,
				EAE956B419C346DB000B3681 /* Images.xcassets in Resources */,
			);
			runOnlyForDeploymentPostprocessing = 0;
		};
		EAE956B719C346DB000B3681 /* Resources */ = {
			isa = PBXResourcesBuildPhase;
			buildActionMask = 2147483647;
			files = (
			);
			runOnlyForDeploymentPostprocessing = 0;
		};
/* End PBXResourcesBuildPhase section */

/* Begin PBXSourcesBuildPhase section */
		EAE9569C19C346DB000B3681 /* Sources */ = {
			isa = PBXSourcesBuildPhase;
			buildActionMask = 2147483647;
			files = (
				EAE956A919C346DB000B3681 /* AppDelegate.m in Sources */,
				EAE956AC19C346DB000B3681 /* n_i_sock.xcdatamodeld in Sources */,
				EAE956AF19C346DB000B3681 /* ViewController.m in Sources */,
				EAE956A619C346DB000B3681 /* main.m in Sources */,
			);
			runOnlyForDeploymentPostprocessing = 0;
		};
		EAE956B519C346DB000B3681 /* Sources */ = {
			isa = PBXSourcesBuildPhase;
			buildActionMask = 2147483647;
			files = (
				EAE956C019C346DB000B3681 /* n_i_sockTests.m in Sources */,
			);
			runOnlyForDeploymentPostprocessing = 0;
		};
/* End PBXSourcesBuildPhase section */

/* Begin PBXTargetDependency section */
		EAE956BB19C346DB000B3681 /* PBXTargetDependency */ = {
			isa = PBXTargetDependency;
			target = EAE9569F19C346DB000B3681 /* n-i-sock */;
			targetProxy = EAE956BA19C346DB000B3681 /* PBXContainerItemProxy */;
		};
/* End PBXTargetDependency section */

/* Begin PBXVariantGroup section */
		EAE956B019C346DB000B3681 /* Main.storyboard */ = {
			isa = PBXVariantGroup;
			children = (
				EAE956B119C346DB000B3681 /* Base */,
			);
			name = Main.storyboard;
			sourceTree = "<group>";
		};
/* End PBXVariantGroup section */

/* Begin XCBuildConfiguration section */
		EAE956C119C346DB000B3681 /* Debug */ = {
			isa = XCBuildConfiguration;
			buildSettings = {
				ALWAYS_SEARCH_USER_PATHS = NO;
				CLANG_CXX_LANGUAGE_STANDARD = "gnu++0x";
				CLANG_CXX_LIBRARY = "libc++";
				CLANG_ENABLE_MODULES = YES;
				CLANG_ENABLE_OBJC_ARC = YES;
				CLANG_WARN_BOOL_CONVERSION = YES;
				CLANG_WARN_CONSTANT_CONVERSION = YES;
				CLANG_WARN_DIRECT_OBJC_ISA_USAGE = YES_ERROR;
				CLANG_WARN_EMPTY_BODY = YES;
				CLANG_WARN_ENUM_CONVERSION = YES;
				CLANG_WARN_INT_CONVERSION = YES;
				CLANG_WARN_OBJC_ROOT_CLASS = YES_ERROR;
				CLANG_WARN_UNREACHABLE_CODE = YES;
				CLANG_WARN__DUPLICATE_METHOD_MATCH = YES;
				"CODE_SIGN_IDENTITY[sdk=iphoneos*]" = "iPhone Developer";
				COPY_PHASE_STRIP = NO;
				ENABLE_STRICT_OBJC_MSGSEND = YES;
				GCC_C_LANGUAGE_STANDARD = gnu99;
				GCC_DYNAMIC_NO_PIC = NO;
				GCC_OPTIMIZATION_LEVEL = 0;
				GCC_PREPROCESSOR_DEFINITIONS = (
					"DEBUG=1",
					"$(inherited)",
				);
				GCC_SYMBOLS_PRIVATE_EXTERN = NO;
				GCC_WARN_64_TO_32_BIT_CONVERSION = YES;
				GCC_WARN_ABOUT_RETURN_TYPE = YES_ERROR;
				GCC_WARN_UNDECLARED_SELECTOR = YES;
				GCC_WARN_UNINITIALIZED_AUTOS = YES_AGGRESSIVE;
				GCC_WARN_UNUSED_FUNCTION = YES;
				GCC_WARN_UNUSED_VARIABLE = YES;
				IPHONEOS_DEPLOYMENT_TARGET = 8.0;
				MTL_ENABLE_DEBUG_INFO = YES;
				ONLY_ACTIVE_ARCH = YES;
				SDKROOT = iphoneos;
			};
			name = Debug;
		};
		EAE956C219C346DB000B3681 /* Release */ = {
			isa = XCBuildConfiguration;
			buildSettings = {
				ALWAYS_SEARCH_USER_PATHS = NO;
				CLANG_CXX_LANGUAGE_STANDARD = "gnu++0x";
				CLANG_CXX_LIBRARY = "libc++";
				CLANG_ENABLE_MODULES = YES;
				CLANG_ENABLE_OBJC_ARC = YES;
				CLANG_WARN_BOOL_CONVERSION = YES;
				CLANG_WARN_CONSTANT_CONVERSION = YES;
				CLANG_WARN_DIRECT_OBJC_ISA_USAGE = YES_ERROR;
				CLANG_WARN_EMPTY_BODY = YES;
				CLANG_WARN_ENUM_CONVERSION = YES;
				CLANG_WARN_INT_CONVERSION = YES;
				CLANG_WARN_OBJC_ROOT_CLASS = YES_ERROR;
				CLANG_WARN_UNREACHABLE_CODE = YES;
				CLANG_WARN__DUPLICATE_METHOD_MATCH = YES;
				"CODE_SIGN_IDENTITY[sdk=iphoneos*]" = "iPhone Developer";
				COPY_PHASE_STRIP = YES;
				ENABLE_NS_ASSERTIONS = NO;
				ENABLE_STRICT_OBJC_MSGSEND = YES;
				GCC_C_LANGUAGE_STANDARD = gnu99;
				GCC_WARN_64_TO_32_BIT_CONVERSION = YES;
				GCC_WARN_ABOUT_RETURN_TYPE = YES_ERROR;
				GCC_WARN_UNDECLARED_SELECTOR = YES;
				GCC_WARN_UNINITIALIZED_AUTOS = YES_AGGRESSIVE;
				GCC_WARN_UNUSED_FUNCTION = YES;
				GCC_WARN_UNUSED_VARIABLE = YES;
				IPHONEOS_DEPLOYMENT_TARGET = 8.0;
				MTL_ENABLE_DEBUG_INFO = NO;
				SDKROOT = iphoneos;
				VALIDATE_PRODUCT = YES;
			};
			name = Release;
		};
		EAE956C419C346DB000B3681 /* Debug */ = {
			isa = XCBuildConfiguration;
			buildSettings = {
				ASSETCATALOG_COMPILER_APPICON_NAME = AppIcon;
				ASSETCATALOG_COMPILER_LAUNCHIMAGE_NAME = LaunchImage;
				INFOPLIST_FILE = "n-i-sock/Info.plist";
				LD_RUNPATH_SEARCH_PATHS = "$(inherited) @executable_path/Frameworks";
				PRODUCT_NAME = "$(TARGET_NAME)";
			};
			name = Debug;
		};
		EAE956C519C346DB000B3681 /* Release */ = {
			isa = XCBuildConfiguration;
			buildSettings = {
				ASSETCATALOG_COMPILER_APPICON_NAME = AppIcon;
				ASSETCATALOG_COMPILER_LAUNCHIMAGE_NAME = LaunchImage;
				INFOPLIST_FILE = "n-i-sock/Info.plist";
				LD_RUNPATH_SEARCH_PATHS = "$(inherited) @executable_path/Frameworks";
				PRODUCT_NAME = "$(TARGET_NAME)";
			};
			name = Release;
		};
		EAE956C719C346DB000B3681 /* Debug */ = {
			isa = XCBuildConfiguration;
			buildSettings = {
				BUNDLE_LOADER = "$(BUILT_PRODUCTS_DIR)/n-i-sock.app/n-i-sock";
				FRAMEWORK_SEARCH_PATHS = (
					"$(SDKROOT)/Developer/Library/Frameworks",
					"$(inherited)",
				);
				GCC_PREPROCESSOR_DEFINITIONS = (
					"DEBUG=1",
					"$(inherited)",
				);
				INFOPLIST_FILE = "n-i-sockTests/Info.plist";
				LD_RUNPATH_SEARCH_PATHS = "$(inherited) @executable_path/Frameworks @loader_path/Frameworks";
				PRODUCT_NAME = "$(TARGET_NAME)";
				TEST_HOST = "$(BUNDLE_LOADER)";
			};
			name = Debug;
		};
		EAE956C819C346DB000B3681 /* Release */ = {
			isa = XCBuildConfiguration;
			buildSettings = {
				BUNDLE_LOADER = "$(BUILT_PRODUCTS_DIR)/n-i-sock.app/n-i-sock";
				FRAMEWORK_SEARCH_PATHS = (
					"$(SDKROOT)/Developer/Library/Frameworks",
					"$(inherited)",
				);
				INFOPLIST_FILE = "n-i-sockTests/Info.plist";
				LD_RUNPATH_SEARCH_PATHS = "$(inherited) @executable_path/Frameworks @loader_path/Frameworks";
				PRODUCT_NAME = "$(TARGET_NAME)";
				TEST_HOST = "$(BUNDLE_LOADER)";
			};
			name = Release;
		};
/* End XCBuildConfiguration section */

/* Begin XCConfigurationList section */
		EAE9569B19C346DB000B3681 /* Build configuration list for PBXProject "n-i-sock" */ = {
			isa = XCConfigurationList;
			buildConfigurations = (
				EAE956C119C346DB000B3681 /* Debug */,
				EAE956C219C346DB000B3681 /* Release */,
			);
			defaultConfigurationIsVisible = 0;
			defaultConfigurationName = Release;
		};
		EAE956C319C346DB000B3681 /* Build configuration list for PBXNativeTarget "n-i-sock" */ = {
			isa = XCConfigurationList;
			buildConfigurations = (
				EAE956C419C346DB000B3681 /* Debug */,
				EAE956C519C346DB000B3681 /* Release */,
			);
			defaultConfigurationIsVisible = 0;
			defaultConfigurationName = Release;
		};
		EAE956C619C346DB000B3681 /* Build configuration list for PBXNativeTarget "n-i-sockTests" */ = {
			isa = XCConfigurationList;
			buildConfigurations = (
				EAE956C719C346DB000B3681 /* Debug */,
				EAE956C819C346DB000B3681 /* Release */,
			);
			defaultConfigurationIsVisible = 0;
			defaultConfigurationName = Release;
		};
/* End XCConfigurationList section */

/* Begin XCVersionGroup section */
		EAE956AA19C346DB000B3681 /* n_i_sock.xcdatamodeld */ = {
			isa = XCVersionGroup;
			children = (
				EAE956AB19C346DB000B3681 /* n_i_sock.xcdatamodel */,
			);
			currentVersion = EAE956AB19C346DB000B3681 /* n_i_sock.xcdatamodel */;
			path = n_i_sock.xcdatamodeld;
			sourceTree = "<group>";
			versionGroupType = wrapper.xcdatamodel;
		};
/* End XCVersionGroup section */
	};
	rootObject = EAE9569819C346DB000B3681 /* Project object */;
}
